
Microsoft Visual Studio Solution File, Format Version 12.00
# Visual Studio 15
VisualStudioVersion = 15.0.26124.0
MinimumVisualStudioVersion = 15.0.26124.0
Project("{FAE04EC0-301F-11D3-BF4B-00C04F79EFBC}") = "02_DI", "02_DI\02_DI.csproj", "{32E33585-F426-4917-AF63-07A005CA9663}"
EndProject
Project("{2150E333-8FDC-42A3-9474-1A3956D46DE8}") = "04_InfraStructure", "04_InfraStructure", "{36A56245-7F09-4F8E-9CC8-58B35A3C86A3}"
EndProject
Project("{FAE04EC0-301F-11D3-BF4B-00C04F79EFBC}") = "Repository", "04_InfraStructure\Repository\Repository.csproj", "{45F33452-4E4D-4D62-9400-AEEB4006ED34}"
EndProject
Project("{2150E333-8FDC-42A3-9474-1A3956D46DE8}") = "03_Domain", "03_Domain", "{309897F8-52FE-4150-85F2-DD28B9D68EED}"
EndProject
Project("{FAE04EC0-301F-11D3-BF4B-00C04F79EFBC}") = "Core", "03_Domain\Core\Core.csproj", "{779A5F58-AFA7-424A-9E46-CFE2ACBFEB11}"
EndProject
Project("{FAE04EC0-301F-11D3-BF4B-00C04F79EFBC}") = "Services", "03_Domain\Services\Services.csproj", "{2F7A8585-88D5-4378-963A-22CB291CFCD3}"
EndProject
Project("{2150E333-8FDC-42A3-9474-1A3956D46DE8}") = "01_Presentation", "01_Presentation", "{7A9B56A0-6FCB-4382-8A21-F0A45888693B}"
EndProject
Project("{FAE04EC0-301F-11D3-BF4B-00C04F79EFBC}") = "API", "01_Presentation\API\API.csproj", "{7C2A2292-1D73-44AD-93AD-C92B2E663EA1}"
EndProject
Global
	GlobalSection(SolutionConfigurationPlatforms) = preSolution
		Debug|Any CPU = Debug|Any CPU
		Debug|x64 = Debug|x64
		Debug|x86 = Debug|x86
		Release|Any CPU = Release|Any CPU
		Release|x64 = Release|x64
		Release|x86 = Release|x86
	EndGlobalSection
	GlobalSection(SolutionProperties) = preSolution
		HideSolutionNode = FALSE
	EndGlobalSection
	GlobalSection(ProjectConfigurationPlatforms) = postSolution
		{32E33585-F426-4917-AF63-07A005CA9663}.Debug|Any CPU.ActiveCfg = Debug|Any CPU
		{32E33585-F426-4917-AF63-07A005CA9663}.Debug|Any CPU.Build.0 = Debug|Any CPU
		{32E33585-F426-4917-AF63-07A005CA9663}.Debug|x64.ActiveCfg = Debug|Any CPU
		{32E33585-F426-4917-AF63-07A005CA9663}.Debug|x64.Build.0 = Debug|Any CPU
		{32E33585-F426-4917-AF63-07A005CA9663}.Debug|x86.ActiveCfg = Debug|Any CPU
		{32E33585-F426-4917-AF63-07A005CA9663}.Debug|x86.Build.0 = Debug|Any CPU
		{32E33585-F426-4917-AF63-07A005CA9663}.Release|Any CPU.ActiveCfg = Release|Any CPU
		{32E33585-F426-4917-AF63-07A005CA9663}.Release|Any CPU.Build.0 = Release|Any CPU
		{32E33585-F426-4917-AF63-07A005CA9663}.Release|x64.ActiveCfg = Release|Any CPU
		{32E33585-F426-4917-AF63-07A005CA9663}.Release|x64.Build.0 = Release|Any CPU
		{32E33585-F426-4917-AF63-07A005CA9663}.Release|x86.ActiveCfg = Release|Any CPU
		{32E33585-F426-4917-AF63-07A005CA9663}.Release|x86.Build.0 = Release|Any CPU
		{45F33452-4E4D-4D62-9400-AEEB4006ED34}.Debug|Any CPU.ActiveCfg = Debug|Any CPU
		{45F33452-4E4D-4D62-9400-AEEB4006ED34}.Debug|Any CPU.Build.0 = Debug|Any CPU
		{45F33452-4E4D-4D62-9400-AEEB4006ED34}.Debug|x64.ActiveCfg = Debug|Any CPU
		{45F33452-4E4D-4D62-9400-AEEB4006ED34}.Debug|x64.Build.0 = Debug|Any CPU
		{45F33452-4E4D-4D62-9400-AEEB4006ED34}.Debug|x86.ActiveCfg = Debug|Any CPU
		{45F33452-4E4D-4D62-9400-AEEB4006ED34}.Debug|x86.Build.0 = Debug|Any CPU
		{45F33452-4E4D-4D62-9400-AEEB4006ED34}.Release|Any CPU.ActiveCfg = Release|Any CPU
		{45F33452-4E4D-4D62-9400-AEEB4006ED34}.Release|Any CPU.Build.0 = Release|Any CPU
		{45F33452-4E4D-4D62-9400-AEEB4006ED34}.Release|x64.ActiveCfg = Release|Any CPU
		{45F33452-4E4D-4D62-9400-AEEB4006ED34}.Release|x64.Build.0 = Release|Any CPU
		{45F33452-4E4D-4D62-9400-AEEB4006ED34}.Release|x86.ActiveCfg = Release|Any CPU
		{45F33452-4E4D-4D62-9400-AEEB4006ED34}.Release|x86.Build.0 = Release|Any CPU
		{779A5F58-AFA7-424A-9E46-CFE2ACBFEB11}.Debug|Any CPU.ActiveCfg = Debug|Any CPU
		{779A5F58-AFA7-424A-9E46-CFE2ACBFEB11}.Debug|Any CPU.Build.0 = Debug|Any CPU
		{779A5F58-AFA7-424A-9E46-CFE2ACBFEB11}.Debug|x64.ActiveCfg = Debug|Any CPU
		{779A5F58-AFA7-424A-9E46-CFE2ACBFEB11}.Debug|x64.Build.0 = Debug|Any CPU
		{779A5F58-AFA7-424A-9E46-CFE2ACBFEB11}.Debug|x86.ActiveCfg = Debug|Any CPU
		{779A5F58-AFA7-424A-9E46-CFE2ACBFEB11}.Debug|x86.Build.0 = Debug|Any CPU
		{779A5F58-AFA7-424A-9E46-CFE2ACBFEB11}.Release|Any CPU.ActiveCfg = Release|Any CPU
		{779A5F58-AFA7-424A-9E46-CFE2ACBFEB11}.Release|Any CPU.Build.0 = Release|Any CPU
		{779A5F58-AFA7-424A-9E46-CFE2ACBFEB11}.Release|x64.ActiveCfg = Release|Any CPU
		{779A5F58-AFA7-424A-9E46-CFE2ACBFEB11}.Release|x64.Build.0 = Release|Any CPU
		{779A5F58-AFA7-424A-9E46-CFE2ACBFEB11}.Release|x86.ActiveCfg = Release|Any CPU
		{779A5F58-AFA7-424A-9E46-CFE2ACBFEB11}.Release|x86.Build.0 = Release|Any CPU
		{2F7A8585-88D5-4378-963A-22CB291CFCD3}.Debug|Any CPU.ActiveCfg = Debug|Any CPU
		{2F7A8585-88D5-4378-963A-22CB291CFCD3}.Debug|Any CPU.Build.0 = Debug|Any CPU
		{2F7A8585-88D5-4378-963A-22CB291CFCD3}.Debug|x64.ActiveCfg = Debug|Any CPU
		{2F7A8585-88D5-4378-963A-22CB291CFCD3}.Debug|x64.Build.0 = Debug|Any CPU
		{2F7A8585-88D5-4378-963A-22CB291CFCD3}.Debug|x86.ActiveCfg = Debug|Any CPU
		{2F7A8585-88D5-4378-963A-22CB291CFCD3}.Debug|x86.Build.0 = Debug|Any CPU
		{2F7A8585-88D5-4378-963A-22CB291CFCD3}.Release|Any CPU.ActiveCfg = Release|Any CPU
		{2F7A8585-88D5-4378-963A-22CB291CFCD3}.Release|Any CPU.Build.0 = Release|Any CPU
		{2F7A8585-88D5-4378-963A-22CB291CFCD3}.Release|x64.ActiveCfg = Release|Any CPU
		{2F7A8585-88D5-4378-963A-22CB291CFCD3}.Release|x64.Build.0 = Release|Any CPU
		{2F7A8585-88D5-4378-963A-22CB291CFCD3}.Release|x86.ActiveCfg = Release|Any CPU
		{2F7A8585-88D5-4378-963A-22CB291CFCD3}.Release|x86.Build.0 = Release|Any CPU
		{7C2A2292-1D73-44AD-93AD-C92B2E663EA1}.Debug|Any CPU.ActiveCfg = Debug|Any CPU
		{7C2A2292-1D73-44AD-93AD-C92B2E663EA1}.Debug|Any CPU.Build.0 = Debug|Any CPU
		{7C2A2292-1D73-44AD-93AD-C92B2E663EA1}.Debug|x64.ActiveCfg = Debug|Any CPU
		{7C2A2292-1D73-44AD-93AD-C92B2E663EA1}.Debug|x64.Build.0 = Debug|Any CPU
		{7C2A2292-1D73-44AD-93AD-C92B2E663EA1}.Debug|x86.ActiveCfg = Debug|Any CPU
		{7C2A2292-1D73-44AD-93AD-C92B2E663EA1}.Debug|x86.Build.0 = Debug|Any CPU
		{7C2A2292-1D73-44AD-93AD-C92B2E663EA1}.Release|Any CPU.ActiveCfg = Release|Any CPU
		{7C2A2292-1D73-44AD-93AD-C92B2E663EA1}.Release|Any CPU.Build.0 = Release|Any CPU
		{7C2A2292-1D73-44AD-93AD-C92B2E663EA1}.Release|x64.ActiveCfg = Release|Any CPU
		{7C2A2292-1D73-44AD-93AD-C92B2E663EA1}.Release|x64.Build.0 = Release|Any CPU
		{7C2A2292-1D73-44AD-93AD-C92B2E663EA1}.Release|x86.ActiveCfg = Release|Any CPU
		{7C2A2292-1D73-44AD-93AD-C92B2E663EA1}.Release|x86.Build.0 = Release|Any CPU
	EndGlobalSection
	GlobalSection(NestedProjects) = preSolution
		{45F33452-4E4D-4D62-9400-AEEB4006ED34} = {36A56245-7F09-4F8E-9CC8-58B35A3C86A3}
		{779A5F58-AFA7-424A-9E46-CFE2ACBFEB11} = {309897F8-52FE-4150-85F2-DD28B9D68EED}
		{2F7A8585-88D5-4378-963A-22CB291CFCD3} = {309897F8-52FE-4150-85F2-DD28B9D68EED}
		{7C2A2292-1D73-44AD-93AD-C92B2E663EA1} = {7A9B56A0-6FCB-4382-8A21-F0A45888693B}
	EndGlobalSection
EndGlobal
